// !$*UTF8*$!
{
	archiveVersion = 1;
	classes = {
	};
	objectVersion = 46;
	objects = {

/* Begin PBXBuildFile section */
		060AA4D71B26112B00439684 /* ItemInfoBundle.swift in Sources */ = {isa = PBXBuildFile; fileRef = 060AA4D61B26112B00439684 /* ItemInfoBundle.swift */; };
		060AA4DB1B261C2200439684 /* KeychainWrapper.m in Sources */ = {isa = PBXBuildFile; fileRef = 060AA4DA1B261C2200439684 /* KeychainWrapper.m */; };
		068771911B263C1B00F7DBAD /* WhatVC.swift in Sources */ = {isa = PBXBuildFile; fileRef = 068771901B263C1B00F7DBAD /* WhatVC.swift */; };
		06EC00001B26079C00F2BCB8 /* LoginVC.swift in Sources */ = {isa = PBXBuildFile; fileRef = 06ECFFFF1B26079C00F2BCB8 /* LoginVC.swift */; };
		996392351B251F9B00CC2A6D /* AppDelegate.swift in Sources */ = {isa = PBXBuildFile; fileRef = 996392341B251F9B00CC2A6D /* AppDelegate.swift */; };
		996392371B251F9B00CC2A6D /* ViewController.swift in Sources */ = {isa = PBXBuildFile; fileRef = 996392361B251F9B00CC2A6D /* ViewController.swift */; };
		9963923A1B251F9B00CC2A6D /* Main.storyboard in Resources */ = {isa = PBXBuildFile; fileRef = 996392381B251F9B00CC2A6D /* Main.storyboard */; };
		9963923C1B251F9B00CC2A6D /* Images.xcassets in Resources */ = {isa = PBXBuildFile; fileRef = 9963923B1B251F9B00CC2A6D /* Images.xcassets */; };
		9963923F1B251F9B00CC2A6D /* LaunchScreen.xib in Resources */ = {isa = PBXBuildFile; fileRef = 9963923D1B251F9B00CC2A6D /* LaunchScreen.xib */; };
		9963924B1B251F9B00CC2A6D /* FindrTests.swift in Sources */ = {isa = PBXBuildFile; fileRef = 9963924A1B251F9B00CC2A6D /* FindrTests.swift */; };
		996392591B2520D100CC2A6D /* MapViewController.swift in Sources */ = {isa = PBXBuildFile; fileRef = 996392581B2520D100CC2A6D /* MapViewController.swift */; };
		C3A5F412335E113BE1A5F69A /* libPods-Findr.a in Frameworks */ = {isa = PBXBuildFile; fileRef = E324AB4208A117F2B2378CB9 /* libPods-Findr.a */; };
/* End PBXBuildFile section */

/* Begin PBXContainerItemProxy section */
		996392451B251F9B00CC2A6D /* PBXContainerItemProxy */ = {
			isa = PBXContainerItemProxy;
			containerPortal = 996392271B251F9A00CC2A6D /* Project object */;
			proxyType = 1;
			remoteGlobalIDString = 9963922E1B251F9A00CC2A6D;
			remoteInfo = Findr;
		};
/* End PBXContainerItemProxy section */

/* Begin PBXFileReference section */
		04A2F3FD744C2859D1A76BB0 /* Pods-Findr.release.xcconfig */ = {isa = PBXFileReference; includeInIndex = 1; lastKnownFileType = text.xcconfig; name = "Pods-Findr.release.xcconfig"; path = "Pods/Target Support Files/Pods-Findr/Pods-Findr.release.xcconfig"; sourceTree = "<group>"; };
		060AA4D61B26112B00439684 /* ItemInfoBundle.swift */ = {isa = PBXFileReference; fileEncoding = 4; lastKnownFileType = sourcecode.swift; name = ItemInfoBundle.swift; path = ../ItemInfoBundle.swift; sourceTree = "<group>"; };
		060AA4D81B261C2100439684 /* Findr-Bridging-Header.h */ = {isa = PBXFileReference; lastKnownFileType = sourcecode.c.h; path = "Findr-Bridging-Header.h"; sourceTree = "<group>"; };
		060AA4D91B261C2200439684 /* KeychainWrapper.h */ = {isa = PBXFileReference; fileEncoding = 4; lastKnownFileType = sourcecode.c.h; path = KeychainWrapper.h; sourceTree = "<group>"; };
		060AA4DA1B261C2200439684 /* KeychainWrapper.m */ = {isa = PBXFileReference; fileEncoding = 4; lastKnownFileType = sourcecode.c.objc; path = KeychainWrapper.m; sourceTree = "<group>"; };
		068771901B263C1B00F7DBAD /* WhatVC.swift */ = {isa = PBXFileReference; fileEncoding = 4; lastKnownFileType = sourcecode.swift; path = WhatVC.swift; sourceTree = "<group>"; };
		06ECFFFF1B26079C00F2BCB8 /* LoginVC.swift */ = {isa = PBXFileReference; fileEncoding = 4; lastKnownFileType = sourcecode.swift; path = LoginVC.swift; sourceTree = "<group>"; };
		31FF6F2519ED13D71C62EBF8 /* Pods-Findr.debug.xcconfig */ = {isa = PBXFileReference; includeInIndex = 1; lastKnownFileType = text.xcconfig; name = "Pods-Findr.debug.xcconfig"; path = "Pods/Target Support Files/Pods-Findr/Pods-Findr.debug.xcconfig"; sourceTree = "<group>"; };
		9963922F1B251F9B00CC2A6D /* Findr.app */ = {isa = PBXFileReference; explicitFileType = wrapper.application; includeInIndex = 0; path = Findr.app; sourceTree = BUILT_PRODUCTS_DIR; };
		996392331B251F9B00CC2A6D /* Info.plist */ = {isa = PBXFileReference; lastKnownFileType = text.plist.xml; path = Info.plist; sourceTree = "<group>"; };
		996392341B251F9B00CC2A6D /* AppDelegate.swift */ = {isa = PBXFileReference; lastKnownFileType = sourcecode.swift; path = AppDelegate.swift; sourceTree = "<group>"; };
		996392361B251F9B00CC2A6D /* ViewController.swift */ = {isa = PBXFileReference; lastKnownFileType = sourcecode.swift; path = ViewController.swift; sourceTree = "<group>"; };
		996392391B251F9B00CC2A6D /* Base */ = {isa = PBXFileReference; lastKnownFileType = file.storyboard; name = Base; path = Base.lproj/Main.storyboard; sourceTree = "<group>"; };
		9963923B1B251F9B00CC2A6D /* Images.xcassets */ = {isa = PBXFileReference; lastKnownFileType = folder.assetcatalog; path = Images.xcassets; sourceTree = "<group>"; };
		9963923E1B251F9B00CC2A6D /* Base */ = {isa = PBXFileReference; lastKnownFileType = file.xib; name = Base; path = Base.lproj/LaunchScreen.xib; sourceTree = "<group>"; };
		996392441B251F9B00CC2A6D /* FindrTests.xctest */ = {isa = PBXFileReference; explicitFileType = wrapper.cfbundle; includeInIndex = 0; path = FindrTests.xctest; sourceTree = BUILT_PRODUCTS_DIR; };
		996392491B251F9B00CC2A6D /* Info.plist */ = {isa = PBXFileReference; lastKnownFileType = text.plist.xml; path = Info.plist; sourceTree = "<group>"; };
		9963924A1B251F9B00CC2A6D /* FindrTests.swift */ = {isa = PBXFileReference; lastKnownFileType = sourcecode.swift; path = FindrTests.swift; sourceTree = "<group>"; };
		996392581B2520D100CC2A6D /* MapViewController.swift */ = {isa = PBXFileReference; fileEncoding = 4; lastKnownFileType = sourcecode.swift; path = MapViewController.swift; sourceTree = "<group>"; };
		E324AB4208A117F2B2378CB9 /* libPods-Findr.a */ = {isa = PBXFileReference; explicitFileType = archive.ar; includeInIndex = 0; path = "libPods-Findr.a"; sourceTree = BUILT_PRODUCTS_DIR; };
/* End PBXFileReference section */

/* Begin PBXFrameworksBuildPhase section */
		9963922C1B251F9A00CC2A6D /* Frameworks */ = {
			isa = PBXFrameworksBuildPhase;
			buildActionMask = 2147483647;
			files = (
				C3A5F412335E113BE1A5F69A /* libPods-Findr.a in Frameworks */,
			);
			runOnlyForDeploymentPostprocessing = 0;
		};
		996392411B251F9B00CC2A6D /* Frameworks */ = {
			isa = PBXFrameworksBuildPhase;
			buildActionMask = 2147483647;
			files = (
			);
			runOnlyForDeploymentPostprocessing = 0;
		};
/* End PBXFrameworksBuildPhase section */

/* Begin PBXGroup section */
		57C9602C6B7F8D165FE8B607 /* Frameworks */ = {
			isa = PBXGroup;
			children = (
				E324AB4208A117F2B2378CB9 /* libPods-Findr.a */,
			);
			name = Frameworks;
			sourceTree = "<group>";
		};
		996392261B251F9A00CC2A6D = {
			isa = PBXGroup;
			children = (
				996392311B251F9B00CC2A6D /* Findr */,
				996392471B251F9B00CC2A6D /* FindrTests */,
				996392301B251F9B00CC2A6D /* Products */,
				EEFF25387F017A147062DA1A /* Pods */,
				57C9602C6B7F8D165FE8B607 /* Frameworks */,
			);
			sourceTree = "<group>";
		};
		996392301B251F9B00CC2A6D /* Products */ = {
			isa = PBXGroup;
			children = (
				9963922F1B251F9B00CC2A6D /* Findr.app */,
				996392441B251F9B00CC2A6D /* FindrTests.xctest */,
			);
			name = Products;
			sourceTree = "<group>";
		};
		996392311B251F9B00CC2A6D /* Findr */ = {
			isa = PBXGroup;
			children = (
				060AA4D61B26112B00439684 /* ItemInfoBundle.swift */,
				996392361B251F9B00CC2A6D /* ViewController.swift */,
				996392381B251F9B00CC2A6D /* Main.storyboard */,
				996392581B2520D100CC2A6D /* MapViewController.swift */,
				06ECFFFF1B26079C00F2BCB8 /* LoginVC.swift */,
				068771901B263C1B00F7DBAD /* WhatVC.swift */,
				9963923D1B251F9B00CC2A6D /* LaunchScreen.xib */,
				996392321B251F9B00CC2A6D /* Supporting Files */,
			);
			path = Findr;
			sourceTree = "<group>";
		};
		996392321B251F9B00CC2A6D /* Supporting Files */ = {
			isa = PBXGroup;
			children = (
				060AA4D91B261C2200439684 /* KeychainWrapper.h */,
				060AA4DA1B261C2200439684 /* KeychainWrapper.m */,
				9963923B1B251F9B00CC2A6D /* Images.xcassets */,
				996392341B251F9B00CC2A6D /* AppDelegate.swift */,
				996392331B251F9B00CC2A6D /* Info.plist */,
				060AA4D81B261C2100439684 /* Findr-Bridging-Header.h */,
			);
			name = "Supporting Files";
			sourceTree = "<group>";
		};
		996392471B251F9B00CC2A6D /* FindrTests */ = {
			isa = PBXGroup;
			children = (
				9963924A1B251F9B00CC2A6D /* FindrTests.swift */,
				996392481B251F9B00CC2A6D /* Supporting Files */,
			);
			path = FindrTests;
			sourceTree = "<group>";
		};
		996392481B251F9B00CC2A6D /* Supporting Files */ = {
			isa = PBXGroup;
			children = (
				996392491B251F9B00CC2A6D /* Info.plist */,
			);
			name = "Supporting Files";
			sourceTree = "<group>";
		};
		EEFF25387F017A147062DA1A /* Pods */ = {
			isa = PBXGroup;
			children = (
				31FF6F2519ED13D71C62EBF8 /* Pods-Findr.debug.xcconfig */,
				04A2F3FD744C2859D1A76BB0 /* Pods-Findr.release.xcconfig */,
			);
			name = Pods;
			sourceTree = "<group>";
		};
/* End PBXGroup section */

/* Begin PBXNativeTarget section */
		9963922E1B251F9A00CC2A6D /* Findr */ = {
			isa = PBXNativeTarget;
			buildConfigurationList = 9963924E1B251F9B00CC2A6D /* Build configuration list for PBXNativeTarget "Findr" */;
			buildPhases = (
				2938D60BB069424259A4330E /* Check Pods Manifest.lock */,
				9963922B1B251F9A00CC2A6D /* Sources */,
				9963922C1B251F9A00CC2A6D /* Frameworks */,
				9963922D1B251F9A00CC2A6D /* Resources */,
				7AF5C8C4743BA0FD5B758543 /* Copy Pods Resources */,
			);
			buildRules = (
			);
			dependencies = (
			);
			name = Findr;
			productName = Findr;
			productReference = 9963922F1B251F9B00CC2A6D /* Findr.app */;
			productType = "com.apple.product-type.application";
		};
		996392431B251F9B00CC2A6D /* FindrTests */ = {
			isa = PBXNativeTarget;
			buildConfigurationList = 996392511B251F9B00CC2A6D /* Build configuration list for PBXNativeTarget "FindrTests" */;
			buildPhases = (
				996392401B251F9B00CC2A6D /* Sources */,
				996392411B251F9B00CC2A6D /* Frameworks */,
				996392421B251F9B00CC2A6D /* Resources */,
			);
			buildRules = (
			);
			dependencies = (
				996392461B251F9B00CC2A6D /* PBXTargetDependency */,
			);
			name = FindrTests;
			productName = FindrTests;
			productReference = 996392441B251F9B00CC2A6D /* FindrTests.xctest */;
			productType = "com.apple.product-type.bundle.unit-test";
		};
/* End PBXNativeTarget section */

/* Begin PBXProject section */
		996392271B251F9A00CC2A6D /* Project object */ = {
			isa = PBXProject;
			attributes = {
				LastUpgradeCheck = 0630;
				ORGANIZATIONNAME = "Findr Team";
				TargetAttributes = {
					9963922E1B251F9A00CC2A6D = {
						CreatedOnToolsVersion = 6.3.2;
					};
					996392431B251F9B00CC2A6D = {
						CreatedOnToolsVersion = 6.3.2;
						TestTargetID = 9963922E1B251F9A00CC2A6D;
					};
				};
			};
			buildConfigurationList = 9963922A1B251F9A00CC2A6D /* Build configuration list for PBXProject "Findr" */;
			compatibilityVersion = "Xcode 3.2";
			developmentRegion = English;
			hasScannedForEncodings = 0;
			knownRegions = (
				en,
				Base,
			);
			mainGroup = 996392261B251F9A00CC2A6D;
			productRefGroup = 996392301B251F9B00CC2A6D /* Products */;
			projectDirPath = "";
			projectRoot = "";
			targets = (
				9963922E1B251F9A00CC2A6D /* Findr */,
				996392431B251F9B00CC2A6D /* FindrTests */,
			);
		};
/* End PBXProject section */

/* Begin PBXResourcesBuildPhase section */
		9963922D1B251F9A00CC2A6D /* Resources */ = {
			isa = PBXResourcesBuildPhase;
			buildActionMask = 2147483647;
			files = (
				9963923A1B251F9B00CC2A6D /* Main.storyboard in Resources */,
				9963923F1B251F9B00CC2A6D /* LaunchScreen.xib in Resources */,
				9963923C1B251F9B00CC2A6D /* Images.xcassets in Resources */,
			);
			runOnlyForDeploymentPostprocessing = 0;
		};
		996392421B251F9B00CC2A6D /* Resources */ = {
			isa = PBXResourcesBuildPhase;
			buildActionMask = 2147483647;
			files = (
			);
			runOnlyForDeploymentPostprocessing = 0;
		};
/* End PBXResourcesBuildPhase section */

/* Begin PBXShellScriptBuildPhase section */
		2938D60BB069424259A4330E /* Check Pods Manifest.lock */ = {
			isa = PBXShellScriptBuildPhase;
			buildActionMask = 2147483647;
			files = (
			);
			inputPaths = (
			);
			name = "Check Pods Manifest.lock";
			outputPaths = (
			);
			runOnlyForDeploymentPostprocessing = 0;
			shellPath = /bin/sh;
			shellScript = "diff \"${PODS_ROOT}/../Podfile.lock\" \"${PODS_ROOT}/Manifest.lock\" > /dev/null\nif [[ $? != 0 ]] ; then\n    cat << EOM\nerror: The sandbox is not in sync with the Podfile.lock. Run 'pod install' or update your CocoaPods installation.\nEOM\n    exit 1\nfi\n";
			showEnvVarsInLog = 0;
		};
		7AF5C8C4743BA0FD5B758543 /* Copy Pods Resources */ = {
			isa = PBXShellScriptBuildPhase;
			buildActionMask = 2147483647;
			files = (
			);
			inputPaths = (
			);
			name = "Copy Pods Resources";
			outputPaths = (
			);
			runOnlyForDeploymentPostprocessing = 0;
			shellPath = /bin/sh;
			shellScript = "\"${SRCROOT}/Pods/Target Support Files/Pods-Findr/Pods-Findr-resources.sh\"\n";
			showEnvVarsInLog = 0;
		};
/* End PBXShellScriptBuildPhase section */

/* Begin PBXSourcesBuildPhase section */
		9963922B1B251F9A00CC2A6D /* Sources */ = {
			isa = PBXSourcesBuildPhase;
			buildActionMask = 2147483647;
			files = (
				996392371B251F9B00CC2A6D /* ViewController.swift in Sources */,
				996392591B2520D100CC2A6D /* MapViewController.swift in Sources */,
				06EC00001B26079C00F2BCB8 /* LoginVC.swift in Sources */,
				060AA4DB1B261C2200439684 /* KeychainWrapper.m in Sources */,
				060AA4D71B26112B00439684 /* ItemInfoBundle.swift in Sources */,
				068771911B263C1B00F7DBAD /* WhatVC.swift in Sources */,
				996392351B251F9B00CC2A6D /* AppDelegate.swift in Sources */,
			);
			runOnlyForDeploymentPostprocessing = 0;
		};
		996392401B251F9B00CC2A6D /* Sources */ = {
			isa = PBXSourcesBuildPhase;
			buildActionMask = 2147483647;
			files = (
				9963924B1B251F9B00CC2A6D /* FindrTests.swift in Sources */,
			);
			runOnlyForDeploymentPostprocessing = 0;
		};
/* End PBXSourcesBuildPhase section */

/* Begin PBXTargetDependency section */
		996392461B251F9B00CC2A6D /* PBXTargetDependency */ = {
			isa = PBXTargetDependency;
			target = 9963922E1B251F9A00CC2A6D /* Findr */;
			targetProxy = 996392451B251F9B00CC2A6D /* PBXContainerItemProxy */;
		};
/* End PBXTargetDependency section */

/* Begin PBXVariantGroup section */
		996392381B251F9B00CC2A6D /* Main.storyboard */ = {
			isa = PBXVariantGroup;
			children = (
				996392391B251F9B00CC2A6D /* Base */,
			);
			name = Main.storyboard;
			sourceTree = "<group>";
		};
		9963923D1B251F9B00CC2A6D /* LaunchScreen.xib */ = {
			isa = PBXVariantGroup;
			children = (
				9963923E1B251F9B00CC2A6D /* Base */,
			);
			name = LaunchScreen.xib;
			sourceTree = "<group>";
		};
/* End PBXVariantGroup section */

/* Begin XCBuildConfiguration section */
		9963924C1B251F9B00CC2A6D /* Debug */ = {
			isa = XCBuildConfiguration;
			buildSettings = {
				ALWAYS_SEARCH_USER_PATHS = NO;
				CLANG_CXX_LANGUAGE_STANDARD = "gnu++0x";
				CLANG_CXX_LIBRARY = "libc++";
				CLANG_ENABLE_MODULES = YES;
				CLANG_ENABLE_OBJC_ARC = YES;
				CLANG_WARN_BOOL_CONVERSION = YES;
				CLANG_WARN_CONSTANT_CONVERSION = YES;
				CLANG_WARN_DIRECT_OBJC_ISA_USAGE = YES_ERROR;
				CLANG_WARN_EMPTY_BODY = YES;
				CLANG_WARN_ENUM_CONVERSION = YES;
				CLANG_WARN_INT_CONVERSION = YES;
				CLANG_WARN_OBJC_ROOT_CLASS = YES_ERROR;
				CLANG_WARN_UNREACHABLE_CODE = YES;
				CLANG_WARN__DUPLICATE_METHOD_MATCH = YES;
				"CODE_SIGN_IDENTITY[sdk=iphoneos*]" = "iPhone Developer";
				COPY_PHASE_STRIP = NO;
				DEBUG_INFORMATION_FORMAT = "dwarf-with-dsym";
				ENABLE_STRICT_OBJC_MSGSEND = YES;
				GCC_C_LANGUAGE_STANDARD = gnu99;
				GCC_DYNAMIC_NO_PIC = NO;
				GCC_NO_COMMON_BLOCKS = YES;
				GCC_OPTIMIZATION_LEVEL = 0;
				GCC_PREPROCESSOR_DEFINITIONS = (
					"DEBUG=1",
					"$(inherited)",
				);
				GCC_SYMBOLS_PRIVATE_EXTERN = NO;
				GCC_WARN_64_TO_32_BIT_CONVERSION = YES;
				GCC_WARN_ABOUT_RETURN_TYPE = YES_ERROR;
				GCC_WARN_UNDECLARED_SELECTOR = YES;
				GCC_WARN_UNINITIALIZED_AUTOS = YES_AGGRESSIVE;
				GCC_WARN_UNUSED_FUNCTION = YES;
				GCC_WARN_UNUSED_VARIABLE = YES;
				IPHONEOS_DEPLOYMENT_TARGET = 8.3;
				MTL_ENABLE_DEBUG_INFO = YES;
				ONLY_ACTIVE_ARCH = YES;
				SDKROOT = iphoneos;
				SWIFT_OPTIMIZATION_LEVEL = "-Onone";
				TARGETED_DEVICE_FAMILY = "1,2";
			};
			name = Debug;
		};
		9963924D1B251F9B00CC2A6D /* Release */ = {
			isa = XCBuildConfiguration;
			buildSettings = {
				ALWAYS_SEARCH_USER_PATHS = NO;
				CLANG_CXX_LANGUAGE_STANDARD = "gnu++0x";
				CLANG_CXX_LIBRARY = "libc++";
				CLANG_ENABLE_MODULES = YES;
				CLANG_ENABLE_OBJC_ARC = YES;
				CLANG_WARN_BOOL_CONVERSION = YES;
				CLANG_WARN_CONSTANT_CONVERSION = YES;
				CLANG_WARN_DIRECT_OBJC_ISA_USAGE = YES_ERROR;
				CLANG_WARN_EMPTY_BODY = YES;
				CLANG_WARN_ENUM_CONVERSION = YES;
				CLANG_WARN_INT_CONVERSION = YES;
				CLANG_WARN_OBJC_ROOT_CLASS = YES_ERROR;
				CLANG_WARN_UNREACHABLE_CODE = YES;
				CLANG_WARN__DUPLICATE_METHOD_MATCH = YES;
				"CODE_SIGN_IDENTITY[sdk=iphoneos*]" = "iPhone Developer";
				COPY_PHASE_STRIP = NO;
				DEBUG_INFORMATION_FORMAT = "dwarf-with-dsym";
				ENABLE_NS_ASSERTIONS = NO;
				ENABLE_STRICT_OBJC_MSGSEND = YES;
				GCC_C_LANGUAGE_STANDARD = gnu99;
				GCC_NO_COMMON_BLOCKS = YES;
				GCC_WARN_64_TO_32_BIT_CONVERSION = YES;
				GCC_WARN_ABOUT_RETURN_TYPE = YES_ERROR;
				GCC_WARN_UNDECLARED_SELECTOR = YES;
				GCC_WARN_UNINITIALIZED_AUTOS = YES_AGGRESSIVE;
				GCC_WARN_UNUSED_FUNCTION = YES;
				GCC_WARN_UNUSED_VARIABLE = YES;
				IPHONEOS_DEPLOYMENT_TARGET = 8.3;
				MTL_ENABLE_DEBUG_INFO = NO;
				SDKROOT = iphoneos;
				TARGETED_DEVICE_FAMILY = "1,2";
				VALIDATE_PRODUCT = YES;
			};
			name = Release;
		};
		9963924F1B251F9B00CC2A6D /* Debug */ = {
			isa = XCBuildConfiguration;
			baseConfigurationReference = 31FF6F2519ED13D71C62EBF8 /* Pods-Findr.debug.xcconfig */;
			buildSettings = {
				ASSETCATALOG_COMPILER_APPICON_NAME = AppIcon;
				CLANG_ENABLE_MODULES = YES;
				INFOPLIST_FILE = Findr/Info.plist;
				LD_RUNPATH_SEARCH_PATHS = "$(inherited) @executable_path/Frameworks";
				PRODUCT_NAME = "$(TARGET_NAME)";
				SWIFT_OBJC_BRIDGING_HEADER = "Findr/Findr-Bridging-Header.h";
				SWIFT_OPTIMIZATION_LEVEL = "-Onone";
			};
			name = Debug;
		};
		996392501B251F9B00CC2A6D /* Release */ = {
			isa = XCBuildConfiguration;
			baseConfigurationReference = 04A2F3FD744C2859D1A76BB0 /* Pods-Findr.release.xcconfig */;
			buildSettings = {
				ASSETCATALOG_COMPILER_APPICON_NAME = AppIcon;
				CLANG_ENABLE_MODULES = YES;
				INFOPLIST_FILE = Findr/Info.plist;
				LD_RUNPATH_SEARCH_PATHS = "$(inherited) @executable_path/Frameworks";
				PRODUCT_NAME = "$(TARGET_NAME)";
				SWIFT_OBJC_BRIDGING_HEADER = "Findr/Findr-Bridging-Header.h";
			};
			name = Release;
		};
		996392521B251F9B00CC2A6D /* Debug */ = {
			isa = XCBuildConfiguration;
			buildSettings = {
				BUNDLE_LOADER = "$(TEST_HOST)";
				FRAMEWORK_SEARCH_PATHS = (
					"$(SDKROOT)/Developer/Library/Frameworks",
					"$(inherited)",
				);
				GCC_PREPROCESSOR_DEFINITIONS = (
					"DEBUG=1",
					"$(inherited)",
				);
				INFOPLIST_FILE = FindrTests/Info.plist;
				LD_RUNPATH_SEARCH_PATHS = "$(inherited) @executable_path/Frameworks @loader_path/Frameworks";
				PRODUCT_NAME = "$(TARGET_NAME)";
				TEST_HOST = "$(BUILT_PRODUCTS_DIR)/Findr.app/Findr";
			};
			name = Debug;
		};
		996392531B251F9B00CC2A6D /* Release */ = {
			isa = XCBuildConfiguration;
			buildSettings = {
				BUNDLE_LOADER = "$(TEST_HOST)";
				FRAMEWORK_SEARCH_PATHS = (
					"$(SDKROOT)/Developer/Library/Frameworks",
					"$(inherited)",
				);
				INFOPLIST_FILE = FindrTests/Info.plist;
				LD_RUNPATH_SEARCH_PATHS = "$(inherited) @executable_path/Frameworks @loader_path/Frameworks";
				PRODUCT_NAME = "$(TARGET_NAME)";
				TEST_HOST = "$(BUILT_PRODUCTS_DIR)/Findr.app/Findr";
			};
			name = Release;
		};
/* End XCBuildConfiguration section */

/* Begin XCConfigurationList section */
		9963922A1B251F9A00CC2A6D /* Build configuration list for PBXProject "Findr" */ = {
			isa = XCConfigurationList;
			buildConfigurations = (
				9963924C1B251F9B00CC2A6D /* Debug */,
				9963924D1B251F9B00CC2A6D /* Release */,
			);
			defaultConfigurationIsVisible = 0;
			defaultConfigurationName = Release;
		};
		9963924E1B251F9B00CC2A6D /* Build configuration list for PBXNativeTarget "Findr" */ = {
			isa = XCConfigurationList;
			buildConfigurations = (
				9963924F1B251F9B00CC2A6D /* Debug */,
				996392501B251F9B00CC2A6D /* Release */,
			);
			defaultConfigurationIsVisible = 0;
			defaultConfigurationName = Release;
		};
		996392511B251F9B00CC2A6D /* Build configuration list for PBXNativeTarget "FindrTests" */ = {
			isa = XCConfigurationList;
			buildConfigurations = (
				996392521B251F9B00CC2A6D /* Debug */,
				996392531B251F9B00CC2A6D /* Release */,
			);
			defaultConfigurationIsVisible = 0;
			defaultConfigurationName = Release;
		};
/* End XCConfigurationList section */
	};
	rootObject = 996392271B251F9A00CC2A6D /* Project object */;
}
